
Microsoft Visual Studio Solution File, Format Version 12.00
# Visual Studio Version 17
VisualStudioVersion = 17.0.31903.59
MinimumVisualStudioVersion = 10.0.40219.1
Project("{9A19103F-16F7-4668-BE54-9A1E7A4F7556}") = "ZGRemote.Common", "ZGRemote.Common\ZGRemote.Common.csproj", "{A23FC8DC-0295-4EA3-A1D9-050521714FF5}"
EndProject
Project("{9A19103F-16F7-4668-BE54-9A1E7A4F7556}") = "ZGRemote.Common.Test", "ZGRemote.Common.Test\ZGRemote.Common.Test.csproj", "{ABEA4E08-F58C-4463-BB31-3E16CCAE6C35}"
EndProject
Project("{FAE04EC0-301F-11D3-BF4B-00C04F79EFBC}") = "ZGRemote.Server", "ZGRemote.Server\ZGRemote.Server.csproj", "{570FD94C-F1F4-4D06-9F37-918A9431057F}"
EndProject
Project("{FAE04EC0-301F-11D3-BF4B-00C04F79EFBC}") = "ZGRemote.Client", "ZGRemote.Client\ZGRemote.Client.csproj", "{F34E0EEC-6A8B-4FBA-9357-D4DF08C38AA3}"
EndProject
Project("{9A19103F-16F7-4668-BE54-9A1E7A4F7556}") = "ZGRemote.Server.Core", "ZGRemote.Server.Core\ZGRemote.Server.Core.csproj", "{AB4DCD2A-4A4B-47D3-A3D3-18BDBF0852BC}"
	ProjectSection(ProjectDependencies) = postProject
		{A23FC8DC-0295-4EA3-A1D9-050521714FF5} = {A23FC8DC-0295-4EA3-A1D9-050521714FF5}
	EndProjectSection
EndProject
Project("{FAE04EC0-301F-11D3-BF4B-00C04F79EFBC}") = "ZGRemote.Server.UI", "ZGRemote.Server.UI\ZGRemote.Server.UI.csproj", "{B9C152F0-E9BA-4AFA-878A-64B78FA450D1}"
EndProject
Global
	GlobalSection(SolutionConfigurationPlatforms) = preSolution
		Debug|Any CPU = Debug|Any CPU
		Release|Any CPU = Release|Any CPU
	EndGlobalSection
	GlobalSection(ProjectConfigurationPlatforms) = postSolution
		{A23FC8DC-0295-4EA3-A1D9-050521714FF5}.Debug|Any CPU.ActiveCfg = Debug|Any CPU
		{A23FC8DC-0295-4EA3-A1D9-050521714FF5}.Debug|Any CPU.Build.0 = Debug|Any CPU
		{A23FC8DC-0295-4EA3-A1D9-050521714FF5}.Release|Any CPU.ActiveCfg = Release|Any CPU
		{A23FC8DC-0295-4EA3-A1D9-050521714FF5}.Release|Any CPU.Build.0 = Release|Any CPU
		{ABEA4E08-F58C-4463-BB31-3E16CCAE6C35}.Debug|Any CPU.ActiveCfg = Debug|Any CPU
		{ABEA4E08-F58C-4463-BB31-3E16CCAE6C35}.Debug|Any CPU.Build.0 = Debug|Any CPU
		{ABEA4E08-F58C-4463-BB31-3E16CCAE6C35}.Release|Any CPU.ActiveCfg = Release|Any CPU
		{ABEA4E08-F58C-4463-BB31-3E16CCAE6C35}.Release|Any CPU.Build.0 = Release|Any CPU
		{570FD94C-F1F4-4D06-9F37-918A9431057F}.Debug|Any CPU.ActiveCfg = Debug|Any CPU
		{570FD94C-F1F4-4D06-9F37-918A9431057F}.Debug|Any CPU.Build.0 = Debug|Any CPU
		{570FD94C-F1F4-4D06-9F37-918A9431057F}.Release|Any CPU.ActiveCfg = Release|Any CPU
		{570FD94C-F1F4-4D06-9F37-918A9431057F}.Release|Any CPU.Build.0 = Release|Any CPU
		{F34E0EEC-6A8B-4FBA-9357-D4DF08C38AA3}.Debug|Any CPU.ActiveCfg = Debug|Any CPU
		{F34E0EEC-6A8B-4FBA-9357-D4DF08C38AA3}.Debug|Any CPU.Build.0 = Debug|Any CPU
		{F34E0EEC-6A8B-4FBA-9357-D4DF08C38AA3}.Release|Any CPU.ActiveCfg = Release|Any CPU
		{F34E0EEC-6A8B-4FBA-9357-D4DF08C38AA3}.Release|Any CPU.Build.0 = Release|Any CPU
		{AB4DCD2A-4A4B-47D3-A3D3-18BDBF0852BC}.Debug|Any CPU.ActiveCfg = Debug|Any CPU
		{AB4DCD2A-4A4B-47D3-A3D3-18BDBF0852BC}.Debug|Any CPU.Build.0 = Debug|Any CPU
		{AB4DCD2A-4A4B-47D3-A3D3-18BDBF0852BC}.Release|Any CPU.ActiveCfg = Release|Any CPU
		{AB4DCD2A-4A4B-47D3-A3D3-18BDBF0852BC}.Release|Any CPU.Build.0 = Release|Any CPU
		{B9C152F0-E9BA-4AFA-878A-64B78FA450D1}.Debug|Any CPU.ActiveCfg = Debug|Any CPU
		{B9C152F0-E9BA-4AFA-878A-64B78FA450D1}.Debug|Any CPU.Build.0 = Debug|Any CPU
		{B9C152F0-E9BA-4AFA-878A-64B78FA450D1}.Release|Any CPU.ActiveCfg = Release|Any CPU
		{B9C152F0-E9BA-4AFA-878A-64B78FA450D1}.Release|Any CPU.Build.0 = Release|Any CPU
	EndGlobalSection
	GlobalSection(SolutionProperties) = preSolution
		HideSolutionNode = FALSE
	EndGlobalSection
	GlobalSection(ExtensibilityGlobals) = postSolution
		SolutionGuid = {6892696B-7B81-4B0E-AF6D-62809F709B6E}
	EndGlobalSection
EndGlobal
